
Microsoft Visual Studio Solution File, Format Version 12.00
# Visual Studio Version 17
VisualStudioVersion = 17.0.31903.59
MinimumVisualStudioVersion = 10.0.40219.1
Project("{FAE04EC0-301F-11D3-BF4B-00C04F79EFBC}") = "Entrepots.Android", "Entrepots\Entrepots.Android\Entrepots.Android.csproj", "{4CF9AEF3-1E6D-4866-BCF1-6F9B9E0CF72B}"
EndProject
Project("{FAE04EC0-301F-11D3-BF4B-00C04F79EFBC}") = "Entrepots", "Entrepots\Entrepots\Entrepots.csproj", "{099400A7-311B-4CEC-A58B-ED050DB59343}"
EndProject
Project("{FAE04EC0-301F-11D3-BF4B-00C04F79EFBC}") = "EntrepotsTests", "Entrepots\EntrepotsTests\EntrepotsTests.csproj", "{1519DE6E-8A92-4820-A33E-77A2D8DA2FFF}"
EndProject
Global
	GlobalSection(SolutionConfigurationPlatforms) = preSolution
		Debug|Any CPU = Debug|Any CPU
		Release|Any CPU = Release|Any CPU
	EndGlobalSection
	GlobalSection(ProjectConfigurationPlatforms) = postSolution
		{4CF9AEF3-1E6D-4866-BCF1-6F9B9E0CF72B}.Debug|Any CPU.ActiveCfg = Debug|Any CPU
		{4CF9AEF3-1E6D-4866-BCF1-6F9B9E0CF72B}.Debug|Any CPU.Build.0 = Debug|Any CPU
		{4CF9AEF3-1E6D-4866-BCF1-6F9B9E0CF72B}.Debug|Any CPU.Deploy.0 = Debug|Any CPU
		{4CF9AEF3-1E6D-4866-BCF1-6F9B9E0CF72B}.Release|Any CPU.ActiveCfg = Release|Any CPU
		{4CF9AEF3-1E6D-4866-BCF1-6F9B9E0CF72B}.Release|Any CPU.Build.0 = Release|Any CPU
		{4CF9AEF3-1E6D-4866-BCF1-6F9B9E0CF72B}.Release|Any CPU.Deploy.0 = Release|Any CPU
		{099400A7-311B-4CEC-A58B-ED050DB59343}.Debug|Any CPU.ActiveCfg = Debug|Any CPU
		{099400A7-311B-4CEC-A58B-ED050DB59343}.Debug|Any CPU.Build.0 = Debug|Any CPU
		{099400A7-311B-4CEC-A58B-ED050DB59343}.Debug|Any CPU.Deploy.0 = Debug|Any CPU
		{099400A7-311B-4CEC-A58B-ED050DB59343}.Release|Any CPU.ActiveCfg = Release|Any CPU
		{099400A7-311B-4CEC-A58B-ED050DB59343}.Release|Any CPU.Build.0 = Release|Any CPU
		{099400A7-311B-4CEC-A58B-ED050DB59343}.Release|Any CPU.Deploy.0 = Release|Any CPU
		{1519DE6E-8A92-4820-A33E-77A2D8DA2FFF}.Debug|Any CPU.ActiveCfg = Debug|Any CPU
		{1519DE6E-8A92-4820-A33E-77A2D8DA2FFF}.Debug|Any CPU.Build.0 = Debug|Any CPU
		{1519DE6E-8A92-4820-A33E-77A2D8DA2FFF}.Release|Any CPU.ActiveCfg = Release|Any CPU
		{1519DE6E-8A92-4820-A33E-77A2D8DA2FFF}.Release|Any CPU.Build.0 = Release|Any CPU
	EndGlobalSection
	GlobalSection(SolutionProperties) = preSolution
		HideSolutionNode = FALSE
	EndGlobalSection
	GlobalSection(ExtensibilityGlobals) = postSolution
		SolutionGuid = {2EFFD867-1671-47EB-A6C4-1F138D6975BE}
	EndGlobalSection
EndGlobal
